
Microsoft Visual Studio Solution File, Format Version 12.00
# Visual Studio 15
VisualStudioVersion = 15.0.26730.12
MinimumVisualStudioVersion = 10.0.40219.1
Project("{FAE04EC0-301F-11D3-BF4B-00C04F79EFBC}") = "binda", "binda\binda.csproj", "{CFFA273F-A52A-4F38-9165-6860B543ABFE}"
EndProject
Project("{FAE04EC0-301F-11D3-BF4B-00C04F79EFBC}") = "binda.tests", "binda.tests\binda.tests.csproj", "{831FE190-E2D1-4271-90E4-A1C28E450330}"
EndProject
Project("{2150E333-8FDC-42A3-9474-1A3956D46DE8}") = "Solution Items", "Solution Items", "{77CEF5F0-F4A0-4BE6-93FD-BFA0F7C79B3B}"
	ProjectSection(SolutionItems) = preProject
		..\build.fsx = ..\build.fsx
	EndProjectSection
EndProject
Global
	GlobalSection(SolutionConfigurationPlatforms) = preSolution
		Debug|Any CPU = Debug|Any CPU
		Release|Any CPU = Release|Any CPU
	EndGlobalSection
	GlobalSection(ProjectConfigurationPlatforms) = postSolution
		{CFFA273F-A52A-4F38-9165-6860B543ABFE}.Debug|Any CPU.ActiveCfg = Debug|Any CPU
		{CFFA273F-A52A-4F38-9165-6860B543ABFE}.Debug|Any CPU.Build.0 = Debug|Any CPU
		{CFFA273F-A52A-4F38-9165-6860B543ABFE}.Release|Any CPU.ActiveCfg = Release|Any CPU
		{CFFA273F-A52A-4F38-9165-6860B543ABFE}.Release|Any CPU.Build.0 = Release|Any CPU
		{831FE190-E2D1-4271-90E4-A1C28E450330}.Debug|Any CPU.ActiveCfg = Debug|Any CPU
		{831FE190-E2D1-4271-90E4-A1C28E450330}.Debug|Any CPU.Build.0 = Debug|Any CPU
		{831FE190-E2D1-4271-90E4-A1C28E450330}.Release|Any CPU.ActiveCfg = Release|Any CPU
		{831FE190-E2D1-4271-90E4-A1C28E450330}.Release|Any CPU.Build.0 = Release|Any CPU
	EndGlobalSection
	GlobalSection(SolutionProperties) = preSolution
		HideSolutionNode = FALSE
	EndGlobalSection
	GlobalSection(ExtensibilityGlobals) = postSolution
		SolutionGuid = {438ADE3A-A9C3-402B-88A8-2D94DBE3AA7D}
	EndGlobalSection
EndGlobal
